
Microsoft Visual Studio Solution File, Format Version 12.00
# Visual Studio Version 17
VisualStudioVersion = 17.3.32804.467
MinimumVisualStudioVersion = 10.0.40219.1
Project("{9A19103F-16F7-4668-BE54-9A1E7A4F7556}") = "Test", "Test\Test.csproj", "{C369A22A-DE4E-47A9-BEC2-5B558373D0E9}"
EndProject
Project("{FAE04EC0-301F-11D3-BF4B-00C04F79EFBC}") = "BluePillSimulator", "BluePillSimulator\BluePillSimulator.csproj", "{96E843A0-B884-4EE7-95AC-B668659D71D1}"
EndProject
Global
	GlobalSection(SolutionConfigurationPlatforms) = preSolution
		Debug|Any CPU = Debug|Any CPU
		Release|Any CPU = Release|Any CPU
	EndGlobalSection
	GlobalSection(ProjectConfigurationPlatforms) = postSolution
		{C369A22A-DE4E-47A9-BEC2-5B558373D0E9}.Debug|Any CPU.ActiveCfg = Debug|Any CPU
		{C369A22A-DE4E-47A9-BEC2-5B558373D0E9}.Debug|Any CPU.Build.0 = Debug|Any CPU
		{C369A22A-DE4E-47A9-BEC2-5B558373D0E9}.Release|Any CPU.ActiveCfg = Release|Any CPU
		{C369A22A-DE4E-47A9-BEC2-5B558373D0E9}.Release|Any CPU.Build.0 = Release|Any CPU
		{96E843A0-B884-4EE7-95AC-B668659D71D1}.Debug|Any CPU.ActiveCfg = Debug|Any CPU
		{96E843A0-B884-4EE7-95AC-B668659D71D1}.Debug|Any CPU.Build.0 = Debug|Any CPU
		{96E843A0-B884-4EE7-95AC-B668659D71D1}.Release|Any CPU.ActiveCfg = Release|Any CPU
		{96E843A0-B884-4EE7-95AC-B668659D71D1}.Release|Any CPU.Build.0 = Release|Any CPU
	EndGlobalSection
	GlobalSection(SolutionProperties) = preSolution
		HideSolutionNode = FALSE
	EndGlobalSection
	GlobalSection(ExtensibilityGlobals) = postSolution
		SolutionGuid = {2A4B9768-8421-4E6D-87B6-D4AD17616D91}
	EndGlobalSection
EndGlobal
